<Project xmlns="http://schemas.microsoft.com/developer/msbuild/2003">
	<PropertyGroup>
		<ProjectGuid>{88fb0584-dbfb-4d85-8601-87d0f8f5f35a}</ProjectGuid>
		<MainSource>Devart.Vcl.dpk</MainSource>
		<Configuration Condition=" '$(Configuration)' == '' ">Debug</Configuration>
		<Platform Condition=" '$(Platform)' == '' ">AnyCPU</Platform>
		<DCC_DCCCompiler>DCCIL</DCC_DCCCompiler>
		<DCC_DependencyCheckOutputName>D:\Documents and Settings\All Users\Documents\RAD Studio\5.0\Bpl\Devart.Vcl.dll</DCC_DependencyCheckOutputName>
	</PropertyGroup>
	<PropertyGroup Condition=" '$(Configuration)|$(Platform)' == 'Release|AnyCPU' ">
		<Version>7.0</Version>
		<DCC_Alignment>8</DCC_Alignment>
		<DCC_DebugInformation>False</DCC_DebugInformation>
		<DCC_WriteableConstants>True</DCC_WriteableConstants>
		<DCC_LocalDebugSymbols>False</DCC_LocalDebugSymbols>
		<DCC_SymbolReferenceInfo>0</DCC_SymbolReferenceInfo>
		<DCC_NameSpace>Borland.Vcl;Devart.Dac;Devart.Vcl</DCC_NameSpace>
		<DCC_UnitSearchPath>D:\Projects\Delphi\CRControls\Source\Delphi11;D:\Program Files\Common Files\Borland Shared\BDS\Shared Assemblies\5.0;D:\WINDOWS\Microsoft.NET\Framework\v2.0.50727</DCC_UnitSearchPath>
		<DCC_ResourcePath>D:\Projects\Delphi\CRControls\Source\Delphi11;D:\Program Files\Common Files\Borland Shared\BDS\Shared Assemblies\5.0;D:\WINDOWS\Microsoft.NET\Framework\v2.0.50727</DCC_ResourcePath>
		<DCC_IncludePath>D:\Projects\Delphi\CRControls\Source\Delphi11;D:\Program Files\Common Files\Borland Shared\BDS\Shared Assemblies\5.0;D:\WINDOWS\Microsoft.NET\Framework\v2.0.50727</DCC_IncludePath>
		<DCC_Define>RELEASE</DCC_Define>
	</PropertyGroup>
	<PropertyGroup Condition=" '$(Configuration)|$(Platform)' == 'Debug|AnyCPU' ">
		<Version>7.0</Version>
		<DCC_Alignment>8</DCC_Alignment>
		<DCC_DebugInformation>False</DCC_DebugInformation>
		<DCC_WriteableConstants>True</DCC_WriteableConstants>
		<DCC_LocalDebugSymbols>False</DCC_LocalDebugSymbols>
		<DCC_SymbolReferenceInfo>0</DCC_SymbolReferenceInfo>
		<DCC_NameSpace>Borland.Vcl;Devart.Dac;Devart.Vcl</DCC_NameSpace>
		<DCC_DebugInfoInExe>True</DCC_DebugInfoInExe>
		<DCC_DebugVN>True</DCC_DebugVN>
		<DCC_UnitSearchPath>D:\Projects\Delphi\CRControls\Source\Delphi11;D:\Program Files\Common Files\Borland Shared\BDS\Shared Assemblies\5.0;D:\WINDOWS\Microsoft.NET\Framework\v2.0.50727</DCC_UnitSearchPath>
		<DCC_ResourcePath>D:\Projects\Delphi\CRControls\Source\Delphi11;D:\Program Files\Common Files\Borland Shared\BDS\Shared Assemblies\5.0;D:\WINDOWS\Microsoft.NET\Framework\v2.0.50727</DCC_ResourcePath>
		<DCC_IncludePath>D:\Projects\Delphi\CRControls\Source\Delphi11;D:\Program Files\Common Files\Borland Shared\BDS\Shared Assemblies\5.0;D:\WINDOWS\Microsoft.NET\Framework\v2.0.50727</DCC_IncludePath>
		<DCC_Define>DEBUG</DCC_Define>
		<DCC_Platform>x86</DCC_Platform>
	</PropertyGroup>
	<ProjectExtensions>
		<Borland.Personality>DelphiDotNet.Personality</Borland.Personality>
		<Borland.ProjectType>Package</Borland.ProjectType>
		<BorlandProject>
			<BorlandProject xmlns="">
				<DelphiDotNet.Personality>
					<Parameters>
						<Parameters Name="UseLauncher">False</Parameters>
						<Parameters Name="LoadAllSymbols">True</Parameters>
						<Parameters Name="LoadUnspecifiedSymbols">False</Parameters>
					</Parameters>
					<Package_Options>
						<Package_Options Name="PackageDescription">Devart VCL</Package_Options>
						<Package_Options Name="ImplicitBuild">False</Package_Options>
						<Package_Options Name="DesigntimeOnly">False</Package_Options>
						<Package_Options Name="RuntimeOnly">False</Package_Options>
					</Package_Options>
					<VersionInfo>
						<VersionInfo Name="IncludeVerInfo">True</VersionInfo>
						<VersionInfo Name="AutoIncBuild">False</VersionInfo>
						<VersionInfo Name="MajorVer">8</VersionInfo>
						<VersionInfo Name="MinorVer">0</VersionInfo>
						<VersionInfo Name="Release">1</VersionInfo>
						<VersionInfo Name="Build">5000</VersionInfo>
						<VersionInfo Name="Debug">False</VersionInfo>
						<VersionInfo Name="PreRelease">False</VersionInfo>
						<VersionInfo Name="Special">False</VersionInfo>
						<VersionInfo Name="Private">False</VersionInfo>
						<VersionInfo Name="DLL">False</VersionInfo>
					</VersionInfo>
					<VersionInfoKeys>
						<VersionInfoKeys Name="CompanyName"></VersionInfoKeys>
						<VersionInfoKeys Name="FileDescription"></VersionInfoKeys>
						<VersionInfoKeys Name="FileVersion">8.0.1.0</VersionInfoKeys>
						<VersionInfoKeys Name="InternalName"></VersionInfoKeys>
						<VersionInfoKeys Name="LegalCopyright"></VersionInfoKeys>
						<VersionInfoKeys Name="LegalTrademarks"></VersionInfoKeys>
						<VersionInfoKeys Name="OriginalFilename"></VersionInfoKeys>
						<VersionInfoKeys Name="ProductName"></VersionInfoKeys>
						<VersionInfoKeys Name="ProductVersion">8.0.1.0</VersionInfoKeys>
						<VersionInfoKeys Name="Comments"></VersionInfoKeys>
					</VersionInfoKeys>
					<Source>
						<Source Name="MainSource">Devart.Vcl.dpk</Source>
					</Source>
				</DelphiDotNet.Personality>
			</BorlandProject></BorlandProject>
	</ProjectExtensions>
	<ItemGroup>
		<Reference Include="$(SystemRoot)\Microsoft.NET\Framework\v2.0.50727\System.Drawing.dll">
			<AssemblyName>System.Drawing</AssemblyName>
			<Version>2.0.0.0</Version>
			<HintPath>$(SystemRoot)\Microsoft.NET\Framework\v2.0.50727\System.Drawing.dll</HintPath>
			<AssemblyTag>$(SystemRoot)\Microsoft.NET\Framework\v2.0.50727\System.Drawing.dll</AssemblyTag>
			<LinkUnits>False</LinkUnits>
		</Reference>
		<Reference Include="D:\Program Files\Common Files\Borland Shared\BDS\Shared Assemblies\5.0\Borland.Delphi.dll">
			<AssemblyName>Borland.Delphi</AssemblyName>
			<HintPath>D:\Program Files\Common Files\Borland Shared\BDS\Shared Assemblies\5.0\Borland.Delphi.dll</HintPath>
			<AssemblyTag>D:\Program Files\Common Files\Borland Shared\BDS\Shared Assemblies\5.0\Borland.Delphi.dll</AssemblyTag>
			<LinkUnits>False</LinkUnits>
		</Reference>
		<Reference Include="D:\Program Files\Common Files\Borland Shared\BDS\Shared Assemblies\5.0\Borland.Vcl.dll">
			<AssemblyName>Borland.Vcl</AssemblyName>
			<HintPath>D:\Program Files\Common Files\Borland Shared\BDS\Shared Assemblies\5.0\Borland.Vcl.dll</HintPath>
			<AssemblyTag>D:\Program Files\Common Files\Borland Shared\BDS\Shared Assemblies\5.0\Borland.Vcl.dll</AssemblyTag>
			<LinkUnits>False</LinkUnits>
		</Reference>
		<Reference Include="D:\Program Files\Common Files\Borland Shared\BDS\Shared Assemblies\5.0\Borland.VclDbCtrls.dll">
			<AssemblyName>Borland.VclDbCtrls</AssemblyName>
			<HintPath>D:\Program Files\Common Files\Borland Shared\BDS\Shared Assemblies\5.0\Borland.VclDbCtrls.dll</HintPath>
			<AssemblyTag>D:\Program Files\Common Files\Borland Shared\BDS\Shared Assemblies\5.0\Borland.VclDbCtrls.dll</AssemblyTag>
			<LinkUnits>False</LinkUnits>
		</Reference>
		<Reference Include="D:\Program Files\Devart\Odac for RAD Studio 2007\Bin\Devart.Dac.dll">
			<AssemblyName>Devart.Dac</AssemblyName>
			<Version>6.10.1.5010</Version>
			<HintPath>D:\Program Files\Devart\Odac for RAD Studio 2007\Bin\Devart.Dac.dll</HintPath>
			<AssemblyTag>D:\Program Files\Devart\Odac for RAD Studio 2007\Bin\Devart.Dac.dll</AssemblyTag>
			<LinkUnits>False</LinkUnits>
		</Reference>
	</ItemGroup>
	<ItemGroup>
		<DelphiCompile Include="Devart.Vcl.dpk">
			<MainSource>MainSource</MainSource>
		</DelphiCompile>
		<DCCReference Include="..\Net\Devart.Vcl.CRControlsReg.pas"/>
		<DCCReference Include="..\Net\Devart.Vcl.CRGrid.pas"/>
	</ItemGroup>
	<Import Project="$(MSBuildBinPath)\Borland.Delphi.Targets"/>
</Project>
